
Microsoft Visual Studio Solution File, Format Version 12.00
# Visual Studio Version 17
VisualStudioVersion = 17.7.34024.191
MinimumVisualStudioVersion = 10.0.40219.1
Project("{2150E333-8FDC-42A3-9474-1A3956D46DE8}") = "FrontEnd", "FrontEnd", "{6ED55845-F660-4E50-B95C-2ADAB3947F14}"
EndProject
Project("{2150E333-8FDC-42A3-9474-1A3956D46DE8}") = "Gateway", "Gateway", "{C692048B-B26B-46BE-8478-1232EA458395}"
EndProject
Project("{2150E333-8FDC-42A3-9474-1A3956D46DE8}") = "Integration", "Integration", "{F0BB8CB7-A2BD-4737-8ABA-81BF64A11C09}"
EndProject
Project("{2150E333-8FDC-42A3-9474-1A3956D46DE8}") = "Services", "Services", "{1E3F2C04-4E3B-4787-8AF6-BE0146AF7915}"
EndProject
Project("{9A19103F-16F7-4668-BE54-9A1E7A4F7556}") = "Mango.Services.CouponAPI", "Mango.Services.CouponAPI\Mango.Services.CouponAPI.csproj", "{0A4A1B67-6959-45B3-B06F-C36711CD4B23}"
EndProject
Project("{9A19103F-16F7-4668-BE54-9A1E7A4F7556}") = "Mango.Web", "Mango.Web\Mango.Web.csproj", "{04F6EC6D-C5B7-41E8-ACD6-ABB437B30DCD}"
EndProject
Project("{9A19103F-16F7-4668-BE54-9A1E7A4F7556}") = "Mango.Services.PracticeCouponAPI", "Mango.Services.PracticeCouponAPI\Mango.Services.PracticeCouponAPI.csproj", "{EDDFAE47-E518-4701-90D2-91548A306BA1}"
EndProject
Project("{9A19103F-16F7-4668-BE54-9A1E7A4F7556}") = "Mango.Web2", "Mango.Web2\Mango.Web2.csproj", "{AB759DBC-F299-4546-A271-104C71E36F1D}"
EndProject
Project("{FAE04EC0-301F-11D3-BF4B-00C04F79EFBC}") = "Mango.Services.AuthAPI", "Mango.Services.AuthAPI\Mango.Services.AuthAPI.csproj", "{40ACEF16-D8BE-4169-8771-13A674A51B92}"
EndProject
Global
	GlobalSection(SolutionConfigurationPlatforms) = preSolution
		Debug|Any CPU = Debug|Any CPU
		Release|Any CPU = Release|Any CPU
	EndGlobalSection
	GlobalSection(ProjectConfigurationPlatforms) = postSolution
		{0A4A1B67-6959-45B3-B06F-C36711CD4B23}.Debug|Any CPU.ActiveCfg = Debug|Any CPU
		{0A4A1B67-6959-45B3-B06F-C36711CD4B23}.Debug|Any CPU.Build.0 = Debug|Any CPU
		{0A4A1B67-6959-45B3-B06F-C36711CD4B23}.Release|Any CPU.ActiveCfg = Release|Any CPU
		{0A4A1B67-6959-45B3-B06F-C36711CD4B23}.Release|Any CPU.Build.0 = Release|Any CPU
		{04F6EC6D-C5B7-41E8-ACD6-ABB437B30DCD}.Debug|Any CPU.ActiveCfg = Debug|Any CPU
		{04F6EC6D-C5B7-41E8-ACD6-ABB437B30DCD}.Debug|Any CPU.Build.0 = Debug|Any CPU
		{04F6EC6D-C5B7-41E8-ACD6-ABB437B30DCD}.Release|Any CPU.ActiveCfg = Release|Any CPU
		{04F6EC6D-C5B7-41E8-ACD6-ABB437B30DCD}.Release|Any CPU.Build.0 = Release|Any CPU
		{EDDFAE47-E518-4701-90D2-91548A306BA1}.Debug|Any CPU.ActiveCfg = Debug|Any CPU
		{EDDFAE47-E518-4701-90D2-91548A306BA1}.Debug|Any CPU.Build.0 = Debug|Any CPU
		{EDDFAE47-E518-4701-90D2-91548A306BA1}.Release|Any CPU.ActiveCfg = Release|Any CPU
		{EDDFAE47-E518-4701-90D2-91548A306BA1}.Release|Any CPU.Build.0 = Release|Any CPU
		{AB759DBC-F299-4546-A271-104C71E36F1D}.Debug|Any CPU.ActiveCfg = Debug|Any CPU
		{AB759DBC-F299-4546-A271-104C71E36F1D}.Debug|Any CPU.Build.0 = Debug|Any CPU
		{AB759DBC-F299-4546-A271-104C71E36F1D}.Release|Any CPU.ActiveCfg = Release|Any CPU
		{AB759DBC-F299-4546-A271-104C71E36F1D}.Release|Any CPU.Build.0 = Release|Any CPU
		{40ACEF16-D8BE-4169-8771-13A674A51B92}.Debug|Any CPU.ActiveCfg = Debug|Any CPU
		{40ACEF16-D8BE-4169-8771-13A674A51B92}.Debug|Any CPU.Build.0 = Debug|Any CPU
		{40ACEF16-D8BE-4169-8771-13A674A51B92}.Release|Any CPU.ActiveCfg = Release|Any CPU
		{40ACEF16-D8BE-4169-8771-13A674A51B92}.Release|Any CPU.Build.0 = Release|Any CPU
	EndGlobalSection
	GlobalSection(SolutionProperties) = preSolution
		HideSolutionNode = FALSE
	EndGlobalSection
	GlobalSection(NestedProjects) = preSolution
		{0A4A1B67-6959-45B3-B06F-C36711CD4B23} = {1E3F2C04-4E3B-4787-8AF6-BE0146AF7915}
		{04F6EC6D-C5B7-41E8-ACD6-ABB437B30DCD} = {6ED55845-F660-4E50-B95C-2ADAB3947F14}
		{EDDFAE47-E518-4701-90D2-91548A306BA1} = {1E3F2C04-4E3B-4787-8AF6-BE0146AF7915}
		{AB759DBC-F299-4546-A271-104C71E36F1D} = {6ED55845-F660-4E50-B95C-2ADAB3947F14}
		{40ACEF16-D8BE-4169-8771-13A674A51B92} = {1E3F2C04-4E3B-4787-8AF6-BE0146AF7915}
	EndGlobalSection
	GlobalSection(ExtensibilityGlobals) = postSolution
		SolutionGuid = {394F71AE-812E-420F-99EB-C4EB978FE9F3}
	EndGlobalSection
EndGlobal
